
Microsoft Visual Studio Solution File, Format Version 12.00
# Visual Studio Version 17
VisualStudioVersion = 17.7.34202.233
MinimumVisualStudioVersion = 10.0.40219.1
Project("{FAE04EC0-301F-11D3-BF4B-00C04F79EFBC}") = "TempDataHelper", "TempDataHelper.csproj", "{951EFA3A-D84C-4CAD-A2A1-DECF604A59B9}"
EndProject
Global
	GlobalSection(SolutionConfigurationPlatforms) = preSolution
		Debug|Any CPU = Debug|Any CPU
		Release|Any CPU = Release|Any CPU
	EndGlobalSection
	GlobalSection(ProjectConfigurationPlatforms) = postSolution
		{951EFA3A-D84C-4CAD-A2A1-DECF604A59B9}.Debug|Any CPU.ActiveCfg = Debug|Any CPU
		{951EFA3A-D84C-4CAD-A2A1-DECF604A59B9}.Debug|Any CPU.Build.0 = Debug|Any CPU
		{951EFA3A-D84C-4CAD-A2A1-DECF604A59B9}.Release|Any CPU.ActiveCfg = Release|Any CPU
		{951EFA3A-D84C-4CAD-A2A1-DECF604A59B9}.Release|Any CPU.Build.0 = Release|Any CPU
	EndGlobalSection
	GlobalSection(SolutionProperties) = preSolution
		HideSolutionNode = FALSE
	EndGlobalSection
	GlobalSection(ExtensibilityGlobals) = postSolution
		SolutionGuid = {8FFFFF17-B778-486B-AD55-A6A0BC562785}
	EndGlobalSection
EndGlobal
